
Microsoft Visual Studio Solution File, Format Version 12.00
# Visual Studio Version 16
VisualStudioVersion = 25.0.1706.4
MinimumVisualStudioVersion = 10.0.40219.1
Project("{FAE04EC0-301F-11D3-BF4B-00C04F79EFBC}") = "FurnitureMonoApi", "FurnitureMonoApi\FurnitureMonoApi.csproj", "{6F42D921-EFCC-4092-B2C5-5EE94348BA1E}"
EndProject
Global
	GlobalSection(SolutionConfigurationPlatforms) = preSolution
		Debug|Any CPU = Debug|Any CPU
		Release|Any CPU = Release|Any CPU
	EndGlobalSection
	GlobalSection(ProjectConfigurationPlatforms) = postSolution
		{6F42D921-EFCC-4092-B2C5-5EE94348BA1E}.Debug|Any CPU.ActiveCfg = Debug|Any CPU
		{6F42D921-EFCC-4092-B2C5-5EE94348BA1E}.Debug|Any CPU.Build.0 = Debug|Any CPU
		{6F42D921-EFCC-4092-B2C5-5EE94348BA1E}.Release|Any CPU.ActiveCfg = Release|Any CPU
		{6F42D921-EFCC-4092-B2C5-5EE94348BA1E}.Release|Any CPU.Build.0 = Release|Any CPU
	EndGlobalSection
	GlobalSection(SolutionProperties) = preSolution
		HideSolutionNode = FALSE
	EndGlobalSection
	GlobalSection(ExtensibilityGlobals) = postSolution
		SolutionGuid = {C78B1AC7-ADE1-464C-B700-AA8C070054FC}
	EndGlobalSection
EndGlobal
